
Microsoft Visual Studio Solution File, Format Version 12.00
# Visual Studio 15
VisualStudioVersion = 15.0.26730.15
MinimumVisualStudioVersion = 10.0.40219.1
Project("{FAE04EC0-301F-11D3-BF4B-00C04F79EFBC}") = "SampleApp.Android", "SampleApp\SampleApp.Android\SampleApp.Android.csproj", "{21B5D874-3D35-41C2-93DA-6FF1494C2306}"
EndProject
Project("{FAE04EC0-301F-11D3-BF4B-00C04F79EFBC}") = "SampleApp", "SampleApp\SampleApp\SampleApp.csproj", "{CF1E0162-4FD5-4F7C-9153-6BCE9B8A2BA6}"
EndProject
Project("{FAE04EC0-301F-11D3-BF4B-00C04F79EFBC}") = "SampleApp.iOS", "SampleApp\SampleApp.iOS\SampleApp.iOS.csproj", "{0F90C900-0285-4818-AF7A-05D669E77C44}"
EndProject
Global
	GlobalSection(SolutionConfigurationPlatforms) = preSolution
		Ad-Hoc|Any CPU = Ad-Hoc|Any CPU
		Ad-Hoc|iPhone = Ad-Hoc|iPhone
		Ad-Hoc|iPhoneSimulator = Ad-Hoc|iPhoneSimulator
		AppStore|Any CPU = AppStore|Any CPU
		AppStore|iPhone = AppStore|iPhone
		AppStore|iPhoneSimulator = AppStore|iPhoneSimulator
		Debug|Any CPU = Debug|Any CPU
		Debug|iPhone = Debug|iPhone
		Debug|iPhoneSimulator = Debug|iPhoneSimulator
		Release|Any CPU = Release|Any CPU
		Release|iPhone = Release|iPhone
		Release|iPhoneSimulator = Release|iPhoneSimulator
	EndGlobalSection
	GlobalSection(ProjectConfigurationPlatforms) = postSolution
		{21B5D874-3D35-41C2-93DA-6FF1494C2306}.Ad-Hoc|Any CPU.ActiveCfg = Release|Any CPU
		{21B5D874-3D35-41C2-93DA-6FF1494C2306}.Ad-Hoc|Any CPU.Build.0 = Release|Any CPU
		{21B5D874-3D35-41C2-93DA-6FF1494C2306}.Ad-Hoc|Any CPU.Deploy.0 = Release|Any CPU
		{21B5D874-3D35-41C2-93DA-6FF1494C2306}.Ad-Hoc|iPhone.ActiveCfg = Release|Any CPU
		{21B5D874-3D35-41C2-93DA-6FF1494C2306}.Ad-Hoc|iPhone.Build.0 = Release|Any CPU
		{21B5D874-3D35-41C2-93DA-6FF1494C2306}.Ad-Hoc|iPhone.Deploy.0 = Release|Any CPU
		{21B5D874-3D35-41C2-93DA-6FF1494C2306}.Ad-Hoc|iPhoneSimulator.ActiveCfg = Release|Any CPU
		{21B5D874-3D35-41C2-93DA-6FF1494C2306}.Ad-Hoc|iPhoneSimulator.Build.0 = Release|Any CPU
		{21B5D874-3D35-41C2-93DA-6FF1494C2306}.Ad-Hoc|iPhoneSimulator.Deploy.0 = Release|Any CPU
		{21B5D874-3D35-41C2-93DA-6FF1494C2306}.AppStore|Any CPU.ActiveCfg = Release|Any CPU
		{21B5D874-3D35-41C2-93DA-6FF1494C2306}.AppStore|Any CPU.Build.0 = Release|Any CPU
		{21B5D874-3D35-41C2-93DA-6FF1494C2306}.AppStore|Any CPU.Deploy.0 = Release|Any CPU
		{21B5D874-3D35-41C2-93DA-6FF1494C2306}.AppStore|iPhone.ActiveCfg = Release|Any CPU
		{21B5D874-3D35-41C2-93DA-6FF1494C2306}.AppStore|iPhone.Build.0 = Release|Any CPU
		{21B5D874-3D35-41C2-93DA-6FF1494C2306}.AppStore|iPhone.Deploy.0 = Release|Any CPU
		{21B5D874-3D35-41C2-93DA-6FF1494C2306}.AppStore|iPhoneSimulator.ActiveCfg = Release|Any CPU
		{21B5D874-3D35-41C2-93DA-6FF1494C2306}.AppStore|iPhoneSimulator.Build.0 = Release|Any CPU
		{21B5D874-3D35-41C2-93DA-6FF1494C2306}.AppStore|iPhoneSimulator.Deploy.0 = Release|Any CPU
		{21B5D874-3D35-41C2-93DA-6FF1494C2306}.Debug|Any CPU.ActiveCfg = Debug|Any CPU
		{21B5D874-3D35-41C2-93DA-6FF1494C2306}.Debug|Any CPU.Build.0 = Debug|Any CPU
		{21B5D874-3D35-41C2-93DA-6FF1494C2306}.Debug|Any CPU.Deploy.0 = Debug|Any CPU
		{21B5D874-3D35-41C2-93DA-6FF1494C2306}.Debug|iPhone.ActiveCfg = Debug|Any CPU
		{21B5D874-3D35-41C2-93DA-6FF1494C2306}.Debug|iPhone.Build.0 = Debug|Any CPU
		{21B5D874-3D35-41C2-93DA-6FF1494C2306}.Debug|iPhone.Deploy.0 = Debug|Any CPU
		{21B5D874-3D35-41C2-93DA-6FF1494C2306}.Debug|iPhoneSimulator.ActiveCfg = Debug|Any CPU
		{21B5D874-3D35-41C2-93DA-6FF1494C2306}.Debug|iPhoneSimulator.Build.0 = Debug|Any CPU
		{21B5D874-3D35-41C2-93DA-6FF1494C2306}.Debug|iPhoneSimulator.Deploy.0 = Debug|Any CPU
		{21B5D874-3D35-41C2-93DA-6FF1494C2306}.Release|Any CPU.ActiveCfg = Release|Any CPU
		{21B5D874-3D35-41C2-93DA-6FF1494C2306}.Release|Any CPU.Build.0 = Release|Any CPU
		{21B5D874-3D35-41C2-93DA-6FF1494C2306}.Release|Any CPU.Deploy.0 = Release|Any CPU
		{21B5D874-3D35-41C2-93DA-6FF1494C2306}.Release|iPhone.ActiveCfg = Release|Any CPU
		{21B5D874-3D35-41C2-93DA-6FF1494C2306}.Release|iPhone.Build.0 = Release|Any CPU
		{21B5D874-3D35-41C2-93DA-6FF1494C2306}.Release|iPhone.Deploy.0 = Release|Any CPU
		{21B5D874-3D35-41C2-93DA-6FF1494C2306}.Release|iPhoneSimulator.ActiveCfg = Release|Any CPU
		{21B5D874-3D35-41C2-93DA-6FF1494C2306}.Release|iPhoneSimulator.Build.0 = Release|Any CPU
		{21B5D874-3D35-41C2-93DA-6FF1494C2306}.Release|iPhoneSimulator.Deploy.0 = Release|Any CPU
		{CF1E0162-4FD5-4F7C-9153-6BCE9B8A2BA6}.Ad-Hoc|Any CPU.ActiveCfg = Release|Any CPU
		{CF1E0162-4FD5-4F7C-9153-6BCE9B8A2BA6}.Ad-Hoc|Any CPU.Build.0 = Release|Any CPU
		{CF1E0162-4FD5-4F7C-9153-6BCE9B8A2BA6}.Ad-Hoc|iPhone.ActiveCfg = Release|Any CPU
		{CF1E0162-4FD5-4F7C-9153-6BCE9B8A2BA6}.Ad-Hoc|iPhone.Build.0 = Release|Any CPU
		{CF1E0162-4FD5-4F7C-9153-6BCE9B8A2BA6}.Ad-Hoc|iPhoneSimulator.ActiveCfg = Release|Any CPU
		{CF1E0162-4FD5-4F7C-9153-6BCE9B8A2BA6}.Ad-Hoc|iPhoneSimulator.Build.0 = Release|Any CPU
		{CF1E0162-4FD5-4F7C-9153-6BCE9B8A2BA6}.AppStore|Any CPU.ActiveCfg = Release|Any CPU
		{CF1E0162-4FD5-4F7C-9153-6BCE9B8A2BA6}.AppStore|Any CPU.Build.0 = Release|Any CPU
		{CF1E0162-4FD5-4F7C-9153-6BCE9B8A2BA6}.AppStore|iPhone.ActiveCfg = Release|Any CPU
		{CF1E0162-4FD5-4F7C-9153-6BCE9B8A2BA6}.AppStore|iPhone.Build.0 = Release|Any CPU
		{CF1E0162-4FD5-4F7C-9153-6BCE9B8A2BA6}.AppStore|iPhoneSimulator.ActiveCfg = Release|Any CPU
		{CF1E0162-4FD5-4F7C-9153-6BCE9B8A2BA6}.AppStore|iPhoneSimulator.Build.0 = Release|Any CPU
		{CF1E0162-4FD5-4F7C-9153-6BCE9B8A2BA6}.Debug|Any CPU.ActiveCfg = Debug|Any CPU
		{CF1E0162-4FD5-4F7C-9153-6BCE9B8A2BA6}.Debug|Any CPU.Build.0 = Debug|Any CPU
		{CF1E0162-4FD5-4F7C-9153-6BCE9B8A2BA6}.Debug|iPhone.ActiveCfg = Debug|Any CPU
		{CF1E0162-4FD5-4F7C-9153-6BCE9B8A2BA6}.Debug|iPhone.Build.0 = Debug|Any CPU
		{CF1E0162-4FD5-4F7C-9153-6BCE9B8A2BA6}.Debug|iPhoneSimulator.ActiveCfg = Debug|Any CPU
		{CF1E0162-4FD5-4F7C-9153-6BCE9B8A2BA6}.Debug|iPhoneSimulator.Build.0 = Debug|Any CPU
		{CF1E0162-4FD5-4F7C-9153-6BCE9B8A2BA6}.Release|Any CPU.ActiveCfg = Release|Any CPU
		{CF1E0162-4FD5-4F7C-9153-6BCE9B8A2BA6}.Release|Any CPU.Build.0 = Release|Any CPU
		{CF1E0162-4FD5-4F7C-9153-6BCE9B8A2BA6}.Release|iPhone.ActiveCfg = Release|Any CPU
		{CF1E0162-4FD5-4F7C-9153-6BCE9B8A2BA6}.Release|iPhone.Build.0 = Release|Any CPU
		{CF1E0162-4FD5-4F7C-9153-6BCE9B8A2BA6}.Release|iPhoneSimulator.ActiveCfg = Release|Any CPU
		{CF1E0162-4FD5-4F7C-9153-6BCE9B8A2BA6}.Release|iPhoneSimulator.Build.0 = Release|Any CPU
		{0F90C900-0285-4818-AF7A-05D669E77C44}.Ad-Hoc|Any CPU.ActiveCfg = Ad-Hoc|iPhone
		{0F90C900-0285-4818-AF7A-05D669E77C44}.Ad-Hoc|iPhone.ActiveCfg = Ad-Hoc|iPhone
		{0F90C900-0285-4818-AF7A-05D669E77C44}.Ad-Hoc|iPhone.Build.0 = Ad-Hoc|iPhone
		{0F90C900-0285-4818-AF7A-05D669E77C44}.Ad-Hoc|iPhoneSimulator.ActiveCfg = Ad-Hoc|iPhoneSimulator
		{0F90C900-0285-4818-AF7A-05D669E77C44}.Ad-Hoc|iPhoneSimulator.Build.0 = Ad-Hoc|iPhoneSimulator
		{0F90C900-0285-4818-AF7A-05D669E77C44}.AppStore|Any CPU.ActiveCfg = AppStore|iPhone
		{0F90C900-0285-4818-AF7A-05D669E77C44}.AppStore|iPhone.ActiveCfg = AppStore|iPhone
		{0F90C900-0285-4818-AF7A-05D669E77C44}.AppStore|iPhone.Build.0 = AppStore|iPhone
		{0F90C900-0285-4818-AF7A-05D669E77C44}.AppStore|iPhoneSimulator.ActiveCfg = AppStore|iPhoneSimulator
		{0F90C900-0285-4818-AF7A-05D669E77C44}.AppStore|iPhoneSimulator.Build.0 = AppStore|iPhoneSimulator
		{0F90C900-0285-4818-AF7A-05D669E77C44}.Debug|Any CPU.ActiveCfg = Debug|iPhone
		{0F90C900-0285-4818-AF7A-05D669E77C44}.Debug|iPhone.ActiveCfg = Debug|iPhone
		{0F90C900-0285-4818-AF7A-05D669E77C44}.Debug|iPhone.Build.0 = Debug|iPhone
		{0F90C900-0285-4818-AF7A-05D669E77C44}.Debug|iPhoneSimulator.ActiveCfg = Debug|iPhoneSimulator
		{0F90C900-0285-4818-AF7A-05D669E77C44}.Debug|iPhoneSimulator.Build.0 = Debug|iPhoneSimulator
		{0F90C900-0285-4818-AF7A-05D669E77C44}.Release|Any CPU.ActiveCfg = Release|iPhone
		{0F90C900-0285-4818-AF7A-05D669E77C44}.Release|iPhone.ActiveCfg = Release|iPhone
		{0F90C900-0285-4818-AF7A-05D669E77C44}.Release|iPhone.Build.0 = Release|iPhone
		{0F90C900-0285-4818-AF7A-05D669E77C44}.Release|iPhoneSimulator.ActiveCfg = Release|iPhoneSimulator
		{0F90C900-0285-4818-AF7A-05D669E77C44}.Release|iPhoneSimulator.Build.0 = Release|iPhoneSimulator
	EndGlobalSection
	GlobalSection(SolutionProperties) = preSolution
		HideSolutionNode = FALSE
	EndGlobalSection
	GlobalSection(ExtensibilityGlobals) = postSolution
		SolutionGuid = {0E0B23C0-2A81-41A2-853A-D2A14FCC90D4}
	EndGlobalSection
EndGlobal
